// !$*UTF8*$!
{
	archiveVersion = 1;
	classes = {
	};
	objectVersion = 48;
	objects = {

/* Begin PBXBuildFile section */
		13CD3E311FAA6FDC00CD8C1E /* AppDelegate.swift in Sources */ = {isa = PBXBuildFile; fileRef = 13CD3E301FAA6FDC00CD8C1E /* AppDelegate.swift */; };
		13CD3E331FAA6FDC00CD8C1E /* ViewController.swift in Sources */ = {isa = PBXBuildFile; fileRef = 13CD3E321FAA6FDC00CD8C1E /* ViewController.swift */; };
		13CD3E361FAA6FDC00CD8C1E /* Main.storyboard in Resources */ = {isa = PBXBuildFile; fileRef = 13CD3E341FAA6FDC00CD8C1E /* Main.storyboard */; };
		13CD3E381FAA6FDC00CD8C1E /* Assets.xcassets in Resources */ = {isa = PBXBuildFile; fileRef = 13CD3E371FAA6FDC00CD8C1E /* Assets.xcassets */; };
		13CD3E3B1FAA6FDC00CD8C1E /* LaunchScreen.storyboard in Resources */ = {isa = PBXBuildFile; fileRef = 13CD3E391FAA6FDC00CD8C1E /* LaunchScreen.storyboard */; };
		13CD3E461FAA6FDC00CD8C1E /* stripetestTests.swift in Sources */ = {isa = PBXBuildFile; fileRef = 13CD3E451FAA6FDC00CD8C1E /* stripetestTests.swift */; };
		13CD3E511FAA6FDC00CD8C1E /* stripetestUITests.swift in Sources */ = {isa = PBXBuildFile; fileRef = 13CD3E501FAA6FDC00CD8C1E /* stripetestUITests.swift */; };
/* End PBXBuildFile section */

/* Begin PBXContainerItemProxy section */
		13CD3E421FAA6FDC00CD8C1E /* PBXContainerItemProxy */ = {
			isa = PBXContainerItemProxy;
			containerPortal = 13CD3E251FAA6FDC00CD8C1E /* Project object */;
			proxyType = 1;
			remoteGlobalIDString = 13CD3E2C1FAA6FDC00CD8C1E;
			remoteInfo = stripetest;
		};
		13CD3E4D1FAA6FDC00CD8C1E /* PBXContainerItemProxy */ = {
			isa = PBXContainerItemProxy;
			containerPortal = 13CD3E251FAA6FDC00CD8C1E /* Project object */;
			proxyType = 1;
			remoteGlobalIDString = 13CD3E2C1FAA6FDC00CD8C1E;
			remoteInfo = stripetest;
		};
/* End PBXContainerItemProxy section */

/* Begin PBXFileReference section */
		13CD3E2D1FAA6FDC00CD8C1E /* stripetest.app */ = {isa = PBXFileReference; explicitFileType = wrapper.application; includeInIndex = 0; path = stripetest.app; sourceTree = BUILT_PRODUCTS_DIR; };
		13CD3E301FAA6FDC00CD8C1E /* AppDelegate.swift */ = {isa = PBXFileReference; lastKnownFileType = sourcecode.swift; path = AppDelegate.swift; sourceTree = "<group>"; };
		13CD3E321FAA6FDC00CD8C1E /* ViewController.swift */ = {isa = PBXFileReference; lastKnownFileType = sourcecode.swift; path = ViewController.swift; sourceTree = "<group>"; };
		13CD3E351FAA6FDC00CD8C1E /* Base */ = {isa = PBXFileReference; lastKnownFileType = file.storyboard; name = Base; path = Base.lproj/Main.storyboard; sourceTree = "<group>"; };
		13CD3E371FAA6FDC00CD8C1E /* Assets.xcassets */ = {isa = PBXFileReference; lastKnownFileType = folder.assetcatalog; path = Assets.xcassets; sourceTree = "<group>"; };
		13CD3E3A1FAA6FDC00CD8C1E /* Base */ = {isa = PBXFileReference; lastKnownFileType = file.storyboard; name = Base; path = Base.lproj/LaunchScreen.storyboard; sourceTree = "<group>"; };
		13CD3E3C1FAA6FDC00CD8C1E /* Info.plist */ = {isa = PBXFileReference; lastKnownFileType = text.plist.xml; path = Info.plist; sourceTree = "<group>"; };
		13CD3E411FAA6FDC00CD8C1E /* stripetestTests.xctest */ = {isa = PBXFileReference; explicitFileType = wrapper.cfbundle; includeInIndex = 0; path = stripetestTests.xctest; sourceTree = BUILT_PRODUCTS_DIR; };
		13CD3E451FAA6FDC00CD8C1E /* stripetestTests.swift */ = {isa = PBXFileReference; lastKnownFileType = sourcecode.swift; path = stripetestTests.swift; sourceTree = "<group>"; };
		13CD3E471FAA6FDC00CD8C1E /* Info.plist */ = {isa = PBXFileReference; lastKnownFileType = text.plist.xml; path = Info.plist; sourceTree = "<group>"; };
		13CD3E4C1FAA6FDC00CD8C1E /* stripetestUITests.xctest */ = {isa = PBXFileReference; explicitFileType = wrapper.cfbundle; includeInIndex = 0; path = stripetestUITests.xctest; sourceTree = BUILT_PRODUCTS_DIR; };
		13CD3E501FAA6FDC00CD8C1E /* stripetestUITests.swift */ = {isa = PBXFileReference; lastKnownFileType = sourcecode.swift; path = stripetestUITests.swift; sourceTree = "<group>"; };
		13CD3E521FAA6FDC00CD8C1E /* Info.plist */ = {isa = PBXFileReference; lastKnownFileType = text.plist.xml; path = Info.plist; sourceTree = "<group>"; };
/* End PBXFileReference section */

/* Begin PBXFrameworksBuildPhase section */
		13CD3E2A1FAA6FDC00CD8C1E /* Frameworks */ = {
			isa = PBXFrameworksBuildPhase;
			buildActionMask = 2147483647;
			files = (
			);
			runOnlyForDeploymentPostprocessing = 0;
		};
		13CD3E3E1FAA6FDC00CD8C1E /* Frameworks */ = {
			isa = PBXFrameworksBuildPhase;
			buildActionMask = 2147483647;
			files = (
			);
			runOnlyForDeploymentPostprocessing = 0;
		};
		13CD3E491FAA6FDC00CD8C1E /* Frameworks */ = {
			isa = PBXFrameworksBuildPhase;
			buildActionMask = 2147483647;
			files = (
			);
			runOnlyForDeploymentPostprocessing = 0;
		};
/* End PBXFrameworksBuildPhase section */

/* Begin PBXGroup section */
		13CD3E241FAA6FDC00CD8C1E = {
			isa = PBXGroup;
			children = (
				13CD3E2F1FAA6FDC00CD8C1E /* stripetest */,
				13CD3E441FAA6FDC00CD8C1E /* stripetestTests */,
				13CD3E4F1FAA6FDC00CD8C1E /* stripetestUITests */,
				13CD3E2E1FAA6FDC00CD8C1E /* Products */,
			);
			sourceTree = "<group>";
		};
		13CD3E2E1FAA6FDC00CD8C1E /* Products */ = {
			isa = PBXGroup;
			children = (
				13CD3E2D1FAA6FDC00CD8C1E /* stripetest.app */,
				13CD3E411FAA6FDC00CD8C1E /* stripetestTests.xctest */,
				13CD3E4C1FAA6FDC00CD8C1E /* stripetestUITests.xctest */,
			);
			name = Products;
			sourceTree = "<group>";
		};
		13CD3E2F1FAA6FDC00CD8C1E /* stripetest */ = {
			isa = PBXGroup;
			children = (
				13CD3E301FAA6FDC00CD8C1E /* AppDelegate.swift */,
				13CD3E321FAA6FDC00CD8C1E /* ViewController.swift */,
				13CD3E341FAA6FDC00CD8C1E /* Main.storyboard */,
				13CD3E371FAA6FDC00CD8C1E /* Assets.xcassets */,
				13CD3E391FAA6FDC00CD8C1E /* LaunchScreen.storyboard */,
				13CD3E3C1FAA6FDC00CD8C1E /* Info.plist */,
			);
			path = stripetest;
			sourceTree = "<group>";
		};
		13CD3E441FAA6FDC00CD8C1E /* stripetestTests */ = {
			isa = PBXGroup;
			children = (
				13CD3E451FAA6FDC00CD8C1E /* stripetestTests.swift */,
				13CD3E471FAA6FDC00CD8C1E /* Info.plist */,
			);
			path = stripetestTests;
			sourceTree = "<group>";
		};
		13CD3E4F1FAA6FDC00CD8C1E /* stripetestUITests */ = {
			isa = PBXGroup;
			children = (
				13CD3E501FAA6FDC00CD8C1E /* stripetestUITests.swift */,
				13CD3E521FAA6FDC00CD8C1E /* Info.plist */,
			);
			path = stripetestUITests;
			sourceTree = "<group>";
		};
/* End PBXGroup section */

/* Begin PBXNativeTarget section */
		13CD3E2C1FAA6FDC00CD8C1E /* stripetest */ = {
			isa = PBXNativeTarget;
			buildConfigurationList = 13CD3E551FAA6FDC00CD8C1E /* Build configuration list for PBXNativeTarget "stripetest" */;
			buildPhases = (
				13CD3E291FAA6FDC00CD8C1E /* Sources */,
				13CD3E2A1FAA6FDC00CD8C1E /* Frameworks */,
				13CD3E2B1FAA6FDC00CD8C1E /* Resources */,
			);
			buildRules = (
			);
			dependencies = (
			);
			name = stripetest;
			productName = stripetest;
			productReference = 13CD3E2D1FAA6FDC00CD8C1E /* stripetest.app */;
			productType = "com.apple.product-type.application";
		};
		13CD3E401FAA6FDC00CD8C1E /* stripetestTests */ = {
			isa = PBXNativeTarget;
			buildConfigurationList = 13CD3E581FAA6FDC00CD8C1E /* Build configuration list for PBXNativeTarget "stripetestTests" */;
			buildPhases = (
				13CD3E3D1FAA6FDC00CD8C1E /* Sources */,
				13CD3E3E1FAA6FDC00CD8C1E /* Frameworks */,
				13CD3E3F1FAA6FDC00CD8C1E /* Resources */,
			);
			buildRules = (
			);
			dependencies = (
				13CD3E431FAA6FDC00CD8C1E /* PBXTargetDependency */,
			);
			name = stripetestTests;
			productName = stripetestTests;
			productReference = 13CD3E411FAA6FDC00CD8C1E /* stripetestTests.xctest */;
			productType = "com.apple.product-type.bundle.unit-test";
		};
		13CD3E4B1FAA6FDC00CD8C1E /* stripetestUITests */ = {
			isa = PBXNativeTarget;
			buildConfigurationList = 13CD3E5B1FAA6FDC00CD8C1E /* Build configuration list for PBXNativeTarget "stripetestUITests" */;
			buildPhases = (
				13CD3E481FAA6FDC00CD8C1E /* Sources */,
				13CD3E491FAA6FDC00CD8C1E /* Frameworks */,
				13CD3E4A1FAA6FDC00CD8C1E /* Resources */,
			);
			buildRules = (
			);
			dependencies = (
				13CD3E4E1FAA6FDC00CD8C1E /* PBXTargetDependency */,
			);
			name = stripetestUITests;
			productName = stripetestUITests;
			productReference = 13CD3E4C1FAA6FDC00CD8C1E /* stripetestUITests.xctest */;
			productType = "com.apple.product-type.bundle.ui-testing";
		};
/* End PBXNativeTarget section */

/* Begin PBXProject section */
		13CD3E251FAA6FDC00CD8C1E /* Project object */ = {
			isa = PBXProject;
			attributes = {
				LastSwiftUpdateCheck = 0900;
				LastUpgradeCheck = 0900;
				ORGANIZATIONNAME = Ayotunde;
				TargetAttributes = {
					13CD3E2C1FAA6FDC00CD8C1E = {
						CreatedOnToolsVersion = 9.0;
						ProvisioningStyle = Automatic;
					};
					13CD3E401FAA6FDC00CD8C1E = {
						CreatedOnToolsVersion = 9.0;
						ProvisioningStyle = Automatic;
						TestTargetID = 13CD3E2C1FAA6FDC00CD8C1E;
					};
					13CD3E4B1FAA6FDC00CD8C1E = {
						CreatedOnToolsVersion = 9.0;
						ProvisioningStyle = Automatic;
						TestTargetID = 13CD3E2C1FAA6FDC00CD8C1E;
					};
				};
			};
			buildConfigurationList = 13CD3E281FAA6FDC00CD8C1E /* Build configuration list for PBXProject "stripetest" */;
			compatibilityVersion = "Xcode 8.0";
			developmentRegion = en;
			hasScannedForEncodings = 0;
			knownRegions = (
				en,
				Base,
			);
			mainGroup = 13CD3E241FAA6FDC00CD8C1E;
			productRefGroup = 13CD3E2E1FAA6FDC00CD8C1E /* Products */;
			projectDirPath = "";
			projectRoot = "";
			targets = (
				13CD3E2C1FAA6FDC00CD8C1E /* stripetest */,
				13CD3E401FAA6FDC00CD8C1E /* stripetestTests */,
				13CD3E4B1FAA6FDC00CD8C1E /* stripetestUITests */,
			);
		};
/* End PBXProject section */

/* Begin PBXResourcesBuildPhase section */
		13CD3E2B1FAA6FDC00CD8C1E /* Resources */ = {
			isa = PBXResourcesBuildPhase;
			buildActionMask = 2147483647;
			files = (
				13CD3E3B1FAA6FDC00CD8C1E /* LaunchScreen.storyboard in Resources */,
				13CD3E381FAA6FDC00CD8C1E /* Assets.xcassets in Resources */,
				13CD3E361FAA6FDC00CD8C1E /* Main.storyboard in Resources */,
			);
			runOnlyForDeploymentPostprocessing = 0;
		};
		13CD3E3F1FAA6FDC00CD8C1E /* Resources */ = {
			isa = PBXResourcesBuildPhase;
			buildActionMask = 2147483647;
			files = (
			);
			runOnlyForDeploymentPostprocessing = 0;
		};
		13CD3E4A1FAA6FDC00CD8C1E /* Resources */ = {
			isa = PBXResourcesBuildPhase;
			buildActionMask = 2147483647;
			files = (
			);
			runOnlyForDeploymentPostprocessing = 0;
		};
/* End PBXResourcesBuildPhase section */

/* Begin PBXSourcesBuildPhase section */
		13CD3E291FAA6FDC00CD8C1E /* Sources */ = {
			isa = PBXSourcesBuildPhase;
			buildActionMask = 2147483647;
			files = (
				13CD3E331FAA6FDC00CD8C1E /* ViewController.swift in Sources */,
				13CD3E311FAA6FDC00CD8C1E /* AppDelegate.swift in Sources */,
			);
			runOnlyForDeploymentPostprocessing = 0;
		};
		13CD3E3D1FAA6FDC00CD8C1E /* Sources */ = {
			isa = PBXSourcesBuildPhase;
			buildActionMask = 2147483647;
			files = (
				13CD3E461FAA6FDC00CD8C1E /* stripetestTests.swift in Sources */,
			);
			runOnlyForDeploymentPostprocessing = 0;
		};
		13CD3E481FAA6FDC00CD8C1E /* Sources */ = {
			isa = PBXSourcesBuildPhase;
			buildActionMask = 2147483647;
			files = (
				13CD3E511FAA6FDC00CD8C1E /* stripetestUITests.swift in Sources */,
			);
			runOnlyForDeploymentPostprocessing = 0;
		};
/* End PBXSourcesBuildPhase section */

/* Begin PBXTargetDependency section */
		13CD3E431FAA6FDC00CD8C1E /* PBXTargetDependency */ = {
			isa = PBXTargetDependency;
			target = 13CD3E2C1FAA6FDC00CD8C1E /* stripetest */;
			targetProxy = 13CD3E421FAA6FDC00CD8C1E /* PBXContainerItemProxy */;
		};
		13CD3E4E1FAA6FDC00CD8C1E /* PBXTargetDependency */ = {
			isa = PBXTargetDependency;
			target = 13CD3E2C1FAA6FDC00CD8C1E /* stripetest */;
			targetProxy = 13CD3E4D1FAA6FDC00CD8C1E /* PBXContainerItemProxy */;
		};
/* End PBXTargetDependency section */

/* Begin PBXVariantGroup section */
		13CD3E341FAA6FDC00CD8C1E /* Main.storyboard */ = {
			isa = PBXVariantGroup;
			children = (
				13CD3E351FAA6FDC00CD8C1E /* Base */,
			);
			name = Main.storyboard;
			sourceTree = "<group>";
		};
		13CD3E391FAA6FDC00CD8C1E /* LaunchScreen.storyboard */ = {
			isa = PBXVariantGroup;
			children = (
				13CD3E3A1FAA6FDC00CD8C1E /* Base */,
			);
			name = LaunchScreen.storyboard;
			sourceTree = "<group>";
		};
/* End PBXVariantGroup section */

/* Begin XCBuildConfiguration section */
		13CD3E531FAA6FDC00CD8C1E /* Debug */ = {
			isa = XCBuildConfiguration;
			buildSettings = {
				ALWAYS_SEARCH_USER_PATHS = NO;
				CLANG_ANALYZER_NONNULL = YES;
				CLANG_ANALYZER_NUMBER_OBJECT_CONVERSION = YES_AGGRESSIVE;
				CLANG_CXX_LANGUAGE_STANDARD = "gnu++14";
				CLANG_CXX_LIBRARY = "libc++";
				CLANG_ENABLE_MODULES = YES;
				CLANG_ENABLE_OBJC_ARC = YES;
				CLANG_WARN_BLOCK_CAPTURE_AUTORELEASING = YES;
				CLANG_WARN_BOOL_CONVERSION = YES;
				CLANG_WARN_COMMA = YES;
				CLANG_WARN_CONSTANT_CONVERSION = YES;
				CLANG_WARN_DIRECT_OBJC_ISA_USAGE = YES_ERROR;
				CLANG_WARN_DOCUMENTATION_COMMENTS = YES;
				CLANG_WARN_EMPTY_BODY = YES;
				CLANG_WARN_ENUM_CONVERSION = YES;
				CLANG_WARN_INFINITE_RECURSION = YES;
				CLANG_WARN_INT_CONVERSION = YES;
				CLANG_WARN_NON_LITERAL_NULL_CONVERSION = YES;
				CLANG_WARN_OBJC_LITERAL_CONVERSION = YES;
				CLANG_WARN_OBJC_ROOT_CLASS = YES_ERROR;
				CLANG_WARN_RANGE_LOOP_ANALYSIS = YES;
				CLANG_WARN_STRICT_PROTOTYPES = YES;
				CLANG_WARN_SUSPICIOUS_MOVE = YES;
				CLANG_WARN_UNGUARDED_AVAILABILITY = YES_AGGRESSIVE;
				CLANG_WARN_UNREACHABLE_CODE = YES;
				CLANG_WARN__DUPLICATE_METHOD_MATCH = YES;
				CODE_SIGN_IDENTITY = "iPhone Developer";
				COPY_PHASE_STRIP = NO;
				DEBUG_INFORMATION_FORMAT = dwarf;
				ENABLE_STRICT_OBJC_MSGSEND = YES;
				ENABLE_TESTABILITY = YES;
				GCC_C_LANGUAGE_STANDARD = gnu11;
				GCC_DYNAMIC_NO_PIC = NO;
				GCC_NO_COMMON_BLOCKS = YES;
				GCC_OPTIMIZATION_LEVEL = 0;
				GCC_PREPROCESSOR_DEFINITIONS = (
					"DEBUG=1",
					"$(inherited)",
				);
				GCC_WARN_64_TO_32_BIT_CONVERSION = YES;
				GCC_WARN_ABOUT_RETURN_TYPE = YES_ERROR;
				GCC_WARN_UNDECLARED_SELECTOR = YES;
				GCC_WARN_UNINITIALIZED_AUTOS = YES_AGGRESSIVE;
				GCC_WARN_UNUSED_FUNCTION = YES;
				GCC_WARN_UNUSED_VARIABLE = YES;
				IPHONEOS_DEPLOYMENT_TARGET = 11.0;
				MTL_ENABLE_DEBUG_INFO = YES;
				ONLY_ACTIVE_ARCH = YES;
				SDKROOT = iphoneos;
				SWIFT_ACTIVE_COMPILATION_CONDITIONS = DEBUG;
				SWIFT_OPTIMIZATION_LEVEL = "-Onone";
			};
			name = Debug;
		};
		13CD3E541FAA6FDC00CD8C1E /* Release */ = {
			isa = XCBuildConfiguration;
			buildSettings = {
				ALWAYS_SEARCH_USER_PATHS = NO;
				CLANG_ANALYZER_NONNULL = YES;
				CLANG_ANALYZER_NUMBER_OBJECT_CONVERSION = YES_AGGRESSIVE;
				CLANG_CXX_LANGUAGE_STANDARD = "gnu++14";
				CLANG_CXX_LIBRARY = "libc++";
				CLANG_ENABLE_MODULES = YES;
				CLANG_ENABLE_OBJC_ARC = YES;
				CLANG_WARN_BLOCK_CAPTURE_AUTORELEASING = YES;
				CLANG_WARN_BOOL_CONVERSION = YES;
				CLANG_WARN_COMMA = YES;
				CLANG_WARN_CONSTANT_CONVERSION = YES;
				CLANG_WARN_DIRECT_OBJC_ISA_USAGE = YES_ERROR;
				CLANG_WARN_DOCUMENTATION_COMMENTS = YES;
				CLANG_WARN_EMPTY_BODY = YES;
				CLANG_WARN_ENUM_CONVERSION = YES;
				CLANG_WARN_INFINITE_RECURSION = YES;
				CLANG_WARN_INT_CONVERSION = YES;
				CLANG_WARN_NON_LITERAL_NULL_CONVERSION = YES;
				CLANG_WARN_OBJC_LITERAL_CONVERSION = YES;
				CLANG_WARN_OBJC_ROOT_CLASS = YES_ERROR;
				CLANG_WARN_RANGE_LOOP_ANALYSIS = YES;
				CLANG_WARN_STRICT_PROTOTYPES = YES;
				CLANG_WARN_SUSPICIOUS_MOVE = YES;
				CLANG_WARN_UNGUARDED_AVAILABILITY = YES_AGGRESSIVE;
				CLANG_WARN_UNREACHABLE_CODE = YES;
				CLANG_WARN__DUPLICATE_METHOD_MATCH = YES;
				CODE_SIGN_IDENTITY = "iPhone Developer";
				COPY_PHASE_STRIP = NO;
				DEBUG_INFORMATION_FORMAT = "dwarf-with-dsym";
				ENABLE_NS_ASSERTIONS = NO;
				ENABLE_STRICT_OBJC_MSGSEND = YES;
				GCC_C_LANGUAGE_STANDARD = gnu11;
				GCC_NO_COMMON_BLOCKS = YES;
				GCC_WARN_64_TO_32_BIT_CONVERSION = YES;
				GCC_WARN_ABOUT_RETURN_TYPE = YES_ERROR;
				GCC_WARN_UNDECLARED_SELECTOR = YES;
				GCC_WARN_UNINITIALIZED_AUTOS = YES_AGGRESSIVE;
				GCC_WARN_UNUSED_FUNCTION = YES;
				GCC_WARN_UNUSED_VARIABLE = YES;
				IPHONEOS_DEPLOYMENT_TARGET = 11.0;
				MTL_ENABLE_DEBUG_INFO = NO;
				SDKROOT = iphoneos;
				SWIFT_OPTIMIZATION_LEVEL = "-Owholemodule";
				VALIDATE_PRODUCT = YES;
			};
			name = Release;
		};
		13CD3E561FAA6FDC00CD8C1E /* Debug */ = {
			isa = XCBuildConfiguration;
			buildSettings = {
				ASSETCATALOG_COMPILER_APPICON_NAME = AppIcon;
				CODE_SIGN_STYLE = Automatic;
				INFOPLIST_FILE = stripetest/Info.plist;
				LD_RUNPATH_SEARCH_PATHS = "$(inherited) @executable_path/Frameworks";
				PRODUCT_BUNDLE_IDENTIFIER = com.tunscopi.stripetest;
				PRODUCT_NAME = "$(TARGET_NAME)";
				SWIFT_VERSION = 4.0;
				TARGETED_DEVICE_FAMILY = "1,2";
			};
			name = Debug;
		};
		13CD3E571FAA6FDC00CD8C1E /* Release */ = {
			isa = XCBuildConfiguration;
			buildSettings = {
				ASSETCATALOG_COMPILER_APPICON_NAME = AppIcon;
				CODE_SIGN_STYLE = Automatic;
				INFOPLIST_FILE = stripetest/Info.plist;
				LD_RUNPATH_SEARCH_PATHS = "$(inherited) @executable_path/Frameworks";
				PRODUCT_BUNDLE_IDENTIFIER = com.tunscopi.stripetest;
				PRODUCT_NAME = "$(TARGET_NAME)";
				SWIFT_VERSION = 4.0;
				TARGETED_DEVICE_FAMILY = "1,2";
			};
			name = Release;
		};
		13CD3E591FAA6FDC00CD8C1E /* Debug */ = {
			isa = XCBuildConfiguration;
			buildSettings = {
				ALWAYS_EMBED_SWIFT_STANDARD_LIBRARIES = YES;
				BUNDLE_LOADER = "$(TEST_HOST)";
				CODE_SIGN_STYLE = Automatic;
				INFOPLIST_FILE = stripetestTests/Info.plist;
				LD_RUNPATH_SEARCH_PATHS = "$(inherited) @executable_path/Frameworks @loader_path/Frameworks";
				PRODUCT_BUNDLE_IDENTIFIER = com.tunscopi.stripetestTests;
				PRODUCT_NAME = "$(TARGET_NAME)";
				SWIFT_VERSION = 4.0;
				TARGETED_DEVICE_FAMILY = "1,2";
				TEST_HOST = "$(BUILT_PRODUCTS_DIR)/stripetest.app/stripetest";
			};
			name = Debug;
		};
		13CD3E5A1FAA6FDC00CD8C1E /* Release */ = {
			isa = XCBuildConfiguration;
			buildSettings = {
				ALWAYS_EMBED_SWIFT_STANDARD_LIBRARIES = YES;
				BUNDLE_LOADER = "$(TEST_HOST)";
				CODE_SIGN_STYLE = Automatic;
				INFOPLIST_FILE = stripetestTests/Info.plist;
				LD_RUNPATH_SEARCH_PATHS = "$(inherited) @executable_path/Frameworks @loader_path/Frameworks";
				PRODUCT_BUNDLE_IDENTIFIER = com.tunscopi.stripetestTests;
				PRODUCT_NAME = "$(TARGET_NAME)";
				SWIFT_VERSION = 4.0;
				TARGETED_DEVICE_FAMILY = "1,2";
				TEST_HOST = "$(BUILT_PRODUCTS_DIR)/stripetest.app/stripetest";
			};
			name = Release;
		};
		13CD3E5C1FAA6FDC00CD8C1E /* Debug */ = {
			isa = XCBuildConfiguration;
			buildSettings = {
				ALWAYS_EMBED_SWIFT_STANDARD_LIBRARIES = YES;
				CODE_SIGN_STYLE = Automatic;
				INFOPLIST_FILE = stripetestUITests/Info.plist;
				LD_RUNPATH_SEARCH_PATHS = "$(inherited) @executable_path/Frameworks @loader_path/Frameworks";
				PRODUCT_BUNDLE_IDENTIFIER = com.tunscopi.stripetestUITests;
				PRODUCT_NAME = "$(TARGET_NAME)";
				SWIFT_VERSION = 4.0;
				TARGETED_DEVICE_FAMILY = "1,2";
				TEST_TARGET_NAME = stripetest;
			};
			name = Debug;
		};
		13CD3E5D1FAA6FDC00CD8C1E /* Release */ = {
			isa = XCBuildConfiguration;
			buildSettings = {
				ALWAYS_EMBED_SWIFT_STANDARD_LIBRARIES = YES;
				CODE_SIGN_STYLE = Automatic;
				INFOPLIST_FILE = stripetestUITests/Info.plist;
				LD_RUNPATH_SEARCH_PATHS = "$(inherited) @executable_path/Frameworks @loader_path/Frameworks";
				PRODUCT_BUNDLE_IDENTIFIER = com.tunscopi.stripetestUITests;
				PRODUCT_NAME = "$(TARGET_NAME)";
				SWIFT_VERSION = 4.0;
				TARGETED_DEVICE_FAMILY = "1,2";
				TEST_TARGET_NAME = stripetest;
			};
			name = Release;
		};
/* End XCBuildConfiguration section */

/* Begin XCConfigurationList section */
		13CD3E281FAA6FDC00CD8C1E /* Build configuration list for PBXProject "stripetest" */ = {
			isa = XCConfigurationList;
			buildConfigurations = (
				13CD3E531FAA6FDC00CD8C1E /* Debug */,
				13CD3E541FAA6FDC00CD8C1E /* Release */,
			);
			defaultConfigurationIsVisible = 0;
			defaultConfigurationName = Release;
		};
		13CD3E551FAA6FDC00CD8C1E /* Build configuration list for PBXNativeTarget "stripetest" */ = {
			isa = XCConfigurationList;
			buildConfigurations = (
				13CD3E561FAA6FDC00CD8C1E /* Debug */,
				13CD3E571FAA6FDC00CD8C1E /* Release */,
			);
			defaultConfigurationIsVisible = 0;
			defaultConfigurationName = Release;
		};
		13CD3E581FAA6FDC00CD8C1E /* Build configuration list for PBXNativeTarget "stripetestTests" */ = {
			isa = XCConfigurationList;
			buildConfigurations = (
				13CD3E591FAA6FDC00CD8C1E /* Debug */,
				13CD3E5A1FAA6FDC00CD8C1E /* Release */,
			);
			defaultConfigurationIsVisible = 0;
			defaultConfigurationName = Release;
		};
		13CD3E5B1FAA6FDC00CD8C1E /* Build configuration list for PBXNativeTarget "stripetestUITests" */ = {
			isa = XCConfigurationList;
			buildConfigurations = (
				13CD3E5C1FAA6FDC00CD8C1E /* Debug */,
				13CD3E5D1FAA6FDC00CD8C1E /* Release */,
			);
			defaultConfigurationIsVisible = 0;
			defaultConfigurationName = Release;
		};
/* End XCConfigurationList section */
	};
	rootObject = 13CD3E251FAA6FDC00CD8C1E /* Project object */;
}
